
Microsoft Visual Studio Solution File, Format Version 12.00
# Visual Studio 14
VisualStudioVersion = 14.0.25420.1
MinimumVisualStudioVersion = 10.0.40219.1
Project("{2150E333-8FDC-42A3-9474-1A3956D46DE8}") = "src", "src", "{F1AE1230-6C67-4521-8993-8D308A03C70B}"
EndProject
Project("{2150E333-8FDC-42A3-9474-1A3956D46DE8}") = "Solution Items", "Solution Items", "{00C71511-FC3F-4D2C-8D4E-6B7515F49A11}"
	ProjectSection(SolutionItems) = preProject
		global.json = global.json
	EndProjectSection
EndProject
Project("{8BB2217D-0F2D-49D1-97BC-3654ED321F3B}") = "EarthML.Web.Front", "src\EarthML.Web.Front\EarthML.Web.Front.xproj", "{B946CC14-8F27-4E5E-A4D3-82E62A78F8F9}"
EndProject
Global
	GlobalSection(SolutionConfigurationPlatforms) = preSolution
		Debug|Any CPU = Debug|Any CPU
		Release|Any CPU = Release|Any CPU
	EndGlobalSection
	GlobalSection(ProjectConfigurationPlatforms) = postSolution
		{B946CC14-8F27-4E5E-A4D3-82E62A78F8F9}.Debug|Any CPU.ActiveCfg = Debug|Any CPU
		{B946CC14-8F27-4E5E-A4D3-82E62A78F8F9}.Debug|Any CPU.Build.0 = Debug|Any CPU
		{B946CC14-8F27-4E5E-A4D3-82E62A78F8F9}.Release|Any CPU.ActiveCfg = Release|Any CPU
		{B946CC14-8F27-4E5E-A4D3-82E62A78F8F9}.Release|Any CPU.Build.0 = Release|Any CPU
	EndGlobalSection
	GlobalSection(SolutionProperties) = preSolution
		HideSolutionNode = FALSE
	EndGlobalSection
	GlobalSection(NestedProjects) = preSolution
		{B946CC14-8F27-4E5E-A4D3-82E62A78F8F9} = {F1AE1230-6C67-4521-8993-8D308A03C70B}
	EndGlobalSection
EndGlobal
